
Microsoft Visual Studio Solution File, Format Version 12.00
# Visual Studio Version 16
VisualStudioVersion = 16.0.30204.135
MinimumVisualStudioVersion = 10.0.40219.1
Project("{FAE04EC0-301F-11D3-BF4B-00C04F79EFBC}") = "ZooProject", "BusinessProject\ZooProject.csproj", "{77610330-2577-4337-A207-BA5B54C9EEE7}"
EndProject
Global
	GlobalSection(SolutionConfigurationPlatforms) = preSolution
		Debug|Any CPU = Debug|Any CPU
		Release|Any CPU = Release|Any CPU
	EndGlobalSection
	GlobalSection(ProjectConfigurationPlatforms) = postSolution
		{77610330-2577-4337-A207-BA5B54C9EEE7}.Debug|Any CPU.ActiveCfg = Debug|Any CPU
		{77610330-2577-4337-A207-BA5B54C9EEE7}.Debug|Any CPU.Build.0 = Debug|Any CPU
		{77610330-2577-4337-A207-BA5B54C9EEE7}.Release|Any CPU.ActiveCfg = Release|Any CPU
		{77610330-2577-4337-A207-BA5B54C9EEE7}.Release|Any CPU.Build.0 = Release|Any CPU
	EndGlobalSection
	GlobalSection(SolutionProperties) = preSolution
		HideSolutionNode = FALSE
	EndGlobalSection
	GlobalSection(ExtensibilityGlobals) = postSolution
		SolutionGuid = {12CF64F3-8444-4B04-98C0-F8061F347E8F}
	EndGlobalSection
EndGlobal
